
Microsoft Visual Studio Solution File, Format Version 12.00
# Visual Studio 15
VisualStudioVersion = 15.0.28010.2026
MinimumVisualStudioVersion = 10.0.40219.1
Project("{FAE04EC0-301F-11D3-BF4B-00C04F79EFBC}") = "DB55", "DB55\DB55.csproj", "{F3ABB734-421B-4961-BC49-8DECFAD29C15}"
EndProject
Global
	GlobalSection(SolutionConfigurationPlatforms) = preSolution
		Debug|Any CPU = Debug|Any CPU
		Release|Any CPU = Release|Any CPU
	EndGlobalSection
	GlobalSection(ProjectConfigurationPlatforms) = postSolution
		{F3ABB734-421B-4961-BC49-8DECFAD29C15}.Debug|Any CPU.ActiveCfg = Debug|Any CPU
		{F3ABB734-421B-4961-BC49-8DECFAD29C15}.Debug|Any CPU.Build.0 = Debug|Any CPU
		{F3ABB734-421B-4961-BC49-8DECFAD29C15}.Release|Any CPU.ActiveCfg = Release|Any CPU
		{F3ABB734-421B-4961-BC49-8DECFAD29C15}.Release|Any CPU.Build.0 = Release|Any CPU
	EndGlobalSection
	GlobalSection(SolutionProperties) = preSolution
		HideSolutionNode = FALSE
	EndGlobalSection
	GlobalSection(ExtensibilityGlobals) = postSolution
		SolutionGuid = {5BC48A43-68C1-4C96-8BA9-EAD665F768F5}
	EndGlobalSection
EndGlobal
